
Microsoft Visual Studio Solution File, Format Version 12.00
# Visual Studio Version 16
VisualStudioVersion = 16.0.29418.71
MinimumVisualStudioVersion = 10.0.40219.1
Project("{8BC9CEB8-8B4A-11D0-8D11-00A0C91BC942}") = "Example1.1", "Example1.1\Example1.1.vcxproj", "{03BCEC01-AF20-4CC6-94AD-F6DE65445D16}"
EndProject
Project("{8BC9CEB8-8B4A-11D0-8D11-00A0C91BC942}") = "MyExample1.1", "MyExample1.1\MyExample1.1.vcxproj", "{565961AD-7931-4F2F-85B0-9F948FE96ADF}"
EndProject
Global
	GlobalSection(SolutionConfigurationPlatforms) = preSolution
		Debug|x64 = Debug|x64
		Debug|x86 = Debug|x86
		Release|x64 = Release|x64
		Release|x86 = Release|x86
	EndGlobalSection
	GlobalSection(ProjectConfigurationPlatforms) = postSolution
		{03BCEC01-AF20-4CC6-94AD-F6DE65445D16}.Debug|x64.ActiveCfg = Debug|x64
		{03BCEC01-AF20-4CC6-94AD-F6DE65445D16}.Debug|x64.Build.0 = Debug|x64
		{03BCEC01-AF20-4CC6-94AD-F6DE65445D16}.Debug|x86.ActiveCfg = Debug|Win32
		{03BCEC01-AF20-4CC6-94AD-F6DE65445D16}.Debug|x86.Build.0 = Debug|Win32
		{03BCEC01-AF20-4CC6-94AD-F6DE65445D16}.Release|x64.ActiveCfg = Release|x64
		{03BCEC01-AF20-4CC6-94AD-F6DE65445D16}.Release|x64.Build.0 = Release|x64
		{03BCEC01-AF20-4CC6-94AD-F6DE65445D16}.Release|x86.ActiveCfg = Release|Win32
		{03BCEC01-AF20-4CC6-94AD-F6DE65445D16}.Release|x86.Build.0 = Release|Win32
		{565961AD-7931-4F2F-85B0-9F948FE96ADF}.Debug|x64.ActiveCfg = Debug|x64
		{565961AD-7931-4F2F-85B0-9F948FE96ADF}.Debug|x64.Build.0 = Debug|x64
		{565961AD-7931-4F2F-85B0-9F948FE96ADF}.Debug|x86.ActiveCfg = Debug|Win32
		{565961AD-7931-4F2F-85B0-9F948FE96ADF}.Debug|x86.Build.0 = Debug|Win32
		{565961AD-7931-4F2F-85B0-9F948FE96ADF}.Release|x64.ActiveCfg = Release|x64
		{565961AD-7931-4F2F-85B0-9F948FE96ADF}.Release|x64.Build.0 = Release|x64
		{565961AD-7931-4F2F-85B0-9F948FE96ADF}.Release|x86.ActiveCfg = Release|Win32
		{565961AD-7931-4F2F-85B0-9F948FE96ADF}.Release|x86.Build.0 = Release|Win32
	EndGlobalSection
	GlobalSection(SolutionProperties) = preSolution
		HideSolutionNode = FALSE
	EndGlobalSection
	GlobalSection(ExtensibilityGlobals) = postSolution
		SolutionGuid = {885CE2D7-CBAF-4D5E-8689-4CC1681BA89A}
	EndGlobalSection
EndGlobal
